
Microsoft Visual Studio Solution File, Format Version 12.00
# Visual Studio Version 17
VisualStudioVersion = 17.11.35327.3
MinimumVisualStudioVersion = 10.0.40219.1
Project("{FAE04EC0-301F-11D3-BF4B-00C04F79EFBC}") = "MyF1Project", "MyF1Project\MyF1Project.csproj", "{BFDAE95A-3977-4A0C-AB0E-75BB1E3547F9}"
EndProject
Global
	GlobalSection(SolutionConfigurationPlatforms) = preSolution
		Debug|Any CPU = Debug|Any CPU
		Release|Any CPU = Release|Any CPU
	EndGlobalSection
	GlobalSection(ProjectConfigurationPlatforms) = postSolution
		{BFDAE95A-3977-4A0C-AB0E-75BB1E3547F9}.Debug|Any CPU.ActiveCfg = Debug|Any CPU
		{BFDAE95A-3977-4A0C-AB0E-75BB1E3547F9}.Debug|Any CPU.Build.0 = Debug|Any CPU
		{BFDAE95A-3977-4A0C-AB0E-75BB1E3547F9}.Release|Any CPU.ActiveCfg = Release|Any CPU
		{BFDAE95A-3977-4A0C-AB0E-75BB1E3547F9}.Release|Any CPU.Build.0 = Release|Any CPU
	EndGlobalSection
	GlobalSection(SolutionProperties) = preSolution
		HideSolutionNode = FALSE
	EndGlobalSection
	GlobalSection(ExtensibilityGlobals) = postSolution
		SolutionGuid = {BCEF654D-2238-4D55-9AD5-F8A6252EA759}
	EndGlobalSection
EndGlobal
